
Microsoft Visual Studio Solution File, Format Version 12.00
# Visual Studio Version 17
VisualStudioVersion = 17.6.33815.320
MinimumVisualStudioVersion = 10.0.40219.1
Project("{FAE04EC0-301F-11D3-BF4B-00C04F79EFBC}") = "Bee1043", "Bee1043.csproj", "{D376B2E4-07EB-42EF-A059-FEA82D0C4FDD}"
EndProject
Global
	GlobalSection(SolutionConfigurationPlatforms) = preSolution
		Debug|Any CPU = Debug|Any CPU
		Release|Any CPU = Release|Any CPU
	EndGlobalSection
	GlobalSection(ProjectConfigurationPlatforms) = postSolution
		{D376B2E4-07EB-42EF-A059-FEA82D0C4FDD}.Debug|Any CPU.ActiveCfg = Debug|Any CPU
		{D376B2E4-07EB-42EF-A059-FEA82D0C4FDD}.Debug|Any CPU.Build.0 = Debug|Any CPU
		{D376B2E4-07EB-42EF-A059-FEA82D0C4FDD}.Release|Any CPU.ActiveCfg = Release|Any CPU
		{D376B2E4-07EB-42EF-A059-FEA82D0C4FDD}.Release|Any CPU.Build.0 = Release|Any CPU
	EndGlobalSection
	GlobalSection(SolutionProperties) = preSolution
		HideSolutionNode = FALSE
	EndGlobalSection
	GlobalSection(ExtensibilityGlobals) = postSolution
		SolutionGuid = {D0B19E7F-E4DE-4AFD-B8DC-732714CDE14E}
	EndGlobalSection
EndGlobal
